
Microsoft Visual Studio Solution File, Format Version 12.00
# Visual Studio Version 17
VisualStudioVersion = 17.13.35919.96
MinimumVisualStudioVersion = 10.0.40219.1
Project("{FAE04EC0-301F-11D3-BF4B-00C04F79EFBC}") = "SiteModelKiller", "SiteModelKiller\SiteModelKiller.csproj", "{ACC28929-FF5C-4B06-9697-3FDD66A91669}"
EndProject
Global
	GlobalSection(SolutionConfigurationPlatforms) = preSolution
		Debug|Any CPU = Debug|Any CPU
		Release|Any CPU = Release|Any CPU
	EndGlobalSection
	GlobalSection(ProjectConfigurationPlatforms) = postSolution
		{ACC28929-FF5C-4B06-9697-3FDD66A91669}.Debug|Any CPU.ActiveCfg = Debug|Any CPU
		{ACC28929-FF5C-4B06-9697-3FDD66A91669}.Debug|Any CPU.Build.0 = Debug|Any CPU
		{ACC28929-FF5C-4B06-9697-3FDD66A91669}.Release|Any CPU.ActiveCfg = Release|Any CPU
		{ACC28929-FF5C-4B06-9697-3FDD66A91669}.Release|Any CPU.Build.0 = Release|Any CPU
	EndGlobalSection
	GlobalSection(SolutionProperties) = preSolution
		HideSolutionNode = FALSE
	EndGlobalSection
	GlobalSection(ExtensibilityGlobals) = postSolution
		SolutionGuid = {C48B70DC-2A25-45E2-B49C-84E5958D39FB}
	EndGlobalSection
EndGlobal
